
Microsoft Visual Studio Solution File, Format Version 12.00
# Visual Studio Version 16
VisualStudioVersion = 16.0.31129.286
MinimumVisualStudioVersion = 10.0.40219.1
Project("{9A19103F-16F7-4668-BE54-9A1E7A4F7556}") = "EntradaDeDadosEmCSharp2", "EntradaDeDadosEmCSharp2\EntradaDeDadosEmCSharp2.csproj", "{1AD09EE2-13B2-4CCA-97A6-9D195791C502}"
EndProject
Project("{FAE04EC0-301F-11D3-BF4B-00C04F79EFBC}") = "ExercicioFixacaoEntradaDeDadosPt2", "ExercicioFixacaoEntradaDeDadosPt2\ExercicioFixacaoEntradaDeDadosPt2.csproj", "{9F436EB0-509C-40E5-89CE-CC39D1774805}"
EndProject
Project("{FAE04EC0-301F-11D3-BF4B-00C04F79EFBC}") = "FuncoesMatematicas", "FuncoesMatematicas\FuncoesMatematicas.csproj", "{300E6F7D-CB33-4F7F-8057-6EF6DB52004A}"
EndProject
Global
	GlobalSection(SolutionConfigurationPlatforms) = preSolution
		Debug|Any CPU = Debug|Any CPU
		Release|Any CPU = Release|Any CPU
	EndGlobalSection
	GlobalSection(ProjectConfigurationPlatforms) = postSolution
		{1AD09EE2-13B2-4CCA-97A6-9D195791C502}.Debug|Any CPU.ActiveCfg = Debug|Any CPU
		{1AD09EE2-13B2-4CCA-97A6-9D195791C502}.Debug|Any CPU.Build.0 = Debug|Any CPU
		{1AD09EE2-13B2-4CCA-97A6-9D195791C502}.Release|Any CPU.ActiveCfg = Release|Any CPU
		{1AD09EE2-13B2-4CCA-97A6-9D195791C502}.Release|Any CPU.Build.0 = Release|Any CPU
		{9F436EB0-509C-40E5-89CE-CC39D1774805}.Debug|Any CPU.ActiveCfg = Debug|Any CPU
		{9F436EB0-509C-40E5-89CE-CC39D1774805}.Debug|Any CPU.Build.0 = Debug|Any CPU
		{9F436EB0-509C-40E5-89CE-CC39D1774805}.Release|Any CPU.ActiveCfg = Release|Any CPU
		{9F436EB0-509C-40E5-89CE-CC39D1774805}.Release|Any CPU.Build.0 = Release|Any CPU
		{300E6F7D-CB33-4F7F-8057-6EF6DB52004A}.Debug|Any CPU.ActiveCfg = Debug|Any CPU
		{300E6F7D-CB33-4F7F-8057-6EF6DB52004A}.Debug|Any CPU.Build.0 = Debug|Any CPU
		{300E6F7D-CB33-4F7F-8057-6EF6DB52004A}.Release|Any CPU.ActiveCfg = Release|Any CPU
		{300E6F7D-CB33-4F7F-8057-6EF6DB52004A}.Release|Any CPU.Build.0 = Release|Any CPU
	EndGlobalSection
	GlobalSection(SolutionProperties) = preSolution
		HideSolutionNode = FALSE
	EndGlobalSection
	GlobalSection(ExtensibilityGlobals) = postSolution
		SolutionGuid = {8B9963E9-A065-4469-8A44-C622E8D43A3D}
	EndGlobalSection
EndGlobal
