
Microsoft Visual Studio Solution File, Format Version 12.00
# Visual Studio Version 16
VisualStudioVersion = 16.0.31205.134
MinimumVisualStudioVersion = 10.0.40219.1
Project("{9A19103F-16F7-4668-BE54-9A1E7A4F7556}") = "1-PrimeiroProjeto", "CSharpParte1Primeiros passos\1-PrimeiroProjeto.csproj", "{3BF40CC2-16CC-4F89-996F-F39C59831CC4}"
EndProject
Project("{9A19103F-16F7-4668-BE54-9A1E7A4F7556}") = "Bytebank", "CSharpParte3EntendendoHerancaEInterface\Bytebank.csproj", "{584FE778-7DD1-4BF3-85C8-9B1660C48693}"
EndProject
Project("{9A19103F-16F7-4668-BE54-9A1E7A4F7556}") = "Parte4EntendendoExcecoes", "CSharpParte4EntendendoExcecoes\Parte4EntendendoExcecoes.csproj", "{FEC01503-D66E-4FEA-97E2-14027BDED308}"
EndProject
Project("{9A19103F-16F7-4668-BE54-9A1E7A4F7556}") = "Parte5BibliotecasDLLsDocumentacaoEUsandoONuGet", "CSharpParte5BibliotecasDLLsDocumentacaoEUsandoONuGet\Parte5BibliotecasDLLsDocumentacaoEUsandoONuGet.csproj", "{FCDA618F-74D4-47D7-8557-F88361F96E6E}"
EndProject
Project("{9A19103F-16F7-4668-BE54-9A1E7A4F7556}") = "Parte6StringsExpressoesRegularesEAClasseObject", "CSharpParte6StringsExpressoesRegularesEAClasseObject\Parte6StringsExpressoesRegularesEAClasseObject.csproj", "{916AF259-1FBC-4B2F-B94A-0F396B6823A9}"
EndProject
Project("{9A19103F-16F7-4668-BE54-9A1E7A4F7556}") = "Parte7ArrayETiposGenericos", "CSharpParte7ArrayETiposGenericos\Parte7ArrayETiposGenericos.csproj", "{792F23E2-923B-403B-B263-00611DBE5082}"
EndProject
Project("{9A19103F-16F7-4668-BE54-9A1E7A4F7556}") = "Parte8ListLambdaLinq", "CSharpParte8ListLambdaLinq\Parte8ListLambdaLinq.csproj", "{D40A8E58-37C8-40E8-A36F-D816D4E30C92}"
EndProject
Project("{9A19103F-16F7-4668-BE54-9A1E7A4F7556}") = "Parte9EntradaESaídaComStreams", "CSharpParte9EntradaESaídaComStreams\Parte9EntradaESaídaComStreams.csproj", "{F70034FB-A08E-4D65-BC3F-59F1BBA5C5A9}"
EndProject
Project("{2150E333-8FDC-42A3-9474-1A3956D46DE8}") = "Parte1PrimeirosPassos", "Parte1PrimeirosPassos", "{684EEB16-91B6-4AE1-A80C-0874056E3312}"
EndProject
Project("{2150E333-8FDC-42A3-9474-1A3956D46DE8}") = "Parte2IntroducaoAOrientacaoAObjetos", "Parte2IntroducaoAOrientacaoAObjetos", "{79EB9472-F5A1-4AC2-B2B0-FF40D436A148}"
EndProject
Project("{2150E333-8FDC-42A3-9474-1A3956D46DE8}") = "Parte3EntendendoHerancaEInterface", "Parte3EntendendoHerancaEInterface", "{C9028425-A535-4C37-B7C1-C040B1E932CB}"
EndProject
Project("{2150E333-8FDC-42A3-9474-1A3956D46DE8}") = "Parte4EntendendoExcecoes", "Parte4EntendendoExcecoes", "{D6A0375A-1F20-45BD-91AE-3A6BC281453A}"
EndProject
Project("{2150E333-8FDC-42A3-9474-1A3956D46DE8}") = "Parte5BibliotecasDLLsDocumentacaoEUsandoONuGet", "Parte5BibliotecasDLLsDocumentacaoEUsandoONuGet", "{2D3FB03F-DCA6-4C28-A015-291F75FB2F44}"
EndProject
Project("{2150E333-8FDC-42A3-9474-1A3956D46DE8}") = "Parte6StringsExpressoesRegularesEAClasseObject", "Parte6StringsExpressoesRegularesEAClasseObject", "{DA5F7D31-02C2-4F6D-82F6-37E98F108299}"
EndProject
Project("{2150E333-8FDC-42A3-9474-1A3956D46DE8}") = "Parte7ArrayETiposGenericos", "Parte7ArrayETiposGenericos", "{391E0BCB-A0A0-44D0-87EC-CDED4448CE75}"
EndProject
Project("{2150E333-8FDC-42A3-9474-1A3956D46DE8}") = "Parte8ListLambdaLinq", "Parte8ListLambdaLinq", "{E7E9ED51-EC12-49AA-B964-F2AA2619EC07}"
EndProject
Project("{2150E333-8FDC-42A3-9474-1A3956D46DE8}") = "Parte9EntradaESaídaComStreams", "Parte9EntradaESaídaComStreams", "{30035248-359D-4815-9270-FCBB4427B98D}"
EndProject
Project("{FAE04EC0-301F-11D3-BF4B-00C04F79EFBC}") = "2-CriandoVariaveis", "2-CriandoVariaveis\2-CriandoVariaveis.csproj", "{38B5AB92-70E1-4B74-99B7-BE6669EE8D04}"
EndProject
Project("{FAE04EC0-301F-11D3-BF4B-00C04F79EFBC}") = "3-CriandoVariaveisPontoFlutuante", "3-CriandoVariaveisPontoFlutuante\3-CriandoVariaveisPontoFlutuante.csproj", "{371554F5-D655-455B-A080-A7BD4871E284}"
EndProject
Project("{FAE04EC0-301F-11D3-BF4B-00C04F79EFBC}") = "4-ConversoesEOutrosTipos", "4-ConversoesEOutrosTipos\4-ConversoesEOutrosTipos.csproj", "{D4A84939-BA99-4391-A239-952716151EAF}"
EndProject
Project("{FAE04EC0-301F-11D3-BF4B-00C04F79EFBC}") = "5-CaracteresETextos", "5-CaracteresETextos\5-CaracteresETextos.csproj", "{95F2CC0F-729F-4B6F-AB30-801EAF01201B}"
EndProject
Project("{FAE04EC0-301F-11D3-BF4B-00C04F79EFBC}") = "6-AtribuicoesDeVariaveis", "6-AtribuicoesDeVariaveis\6-AtribuicoesDeVariaveis.csproj", "{8E08B7EF-1B3B-4E29-A566-53E83F4C0F22}"
EndProject
Project("{FAE04EC0-301F-11D3-BF4B-00C04F79EFBC}") = "7-Condicionais", "7-Condicionais\7-Condicionais.csproj", "{9BB3F12C-3E74-4851-990F-43C88868D6BB}"
EndProject
Project("{FAE04EC0-301F-11D3-BF4B-00C04F79EFBC}") = "8-Condicionais2", "8-Condicionais2\8-Condicionais2.csproj", "{1F4E8893-ABD5-405D-BB4D-B718757CF6D4}"
EndProject
Project("{FAE04EC0-301F-11D3-BF4B-00C04F79EFBC}") = "9-Escopo", "9-Escopo\9-Escopo.csproj", "{80946788-84E4-45D4-99DB-DC90AC58665C}"
EndProject
Project("{FAE04EC0-301F-11D3-BF4B-00C04F79EFBC}") = "AliquotaIR", "AliquotaIR\AliquotaIR.csproj", "{32898DCD-834F-49DB-9498-CA4EEA2091F8}"
EndProject
Project("{FAE04EC0-301F-11D3-BF4B-00C04F79EFBC}") = "P10-CalculaPoupanca", "P10-CalculaPoupanca\P10-CalculaPoupanca.csproj", "{008F7F89-45EA-4B31-8617-ED03DC2A5D4A}"
EndProject
Project("{FAE04EC0-301F-11D3-BF4B-00C04F79EFBC}") = "Fatorial", "Fatorial\Fatorial.csproj", "{21E4E369-03B0-4488-BE2E-1D292B537A7B}"
EndProject
Project("{FAE04EC0-301F-11D3-BF4B-00C04F79EFBC}") = "LacoDeRepeticaoFor", "LacoDeRepeticaoFor\LacoDeRepeticaoFor.csproj", "{0551950B-A912-4671-9193-71FAFEB175F1}"
EndProject
Project("{FAE04EC0-301F-11D3-BF4B-00C04F79EFBC}") = "LacoDeRepeticaoFor2", "LacoDeRepeticaoFor2\LacoDeRepeticaoFor2.csproj", "{981B619D-14CB-4AC9-A94A-9E59EB6DDB97}"
EndProject
Project("{FAE04EC0-301F-11D3-BF4B-00C04F79EFBC}") = "MultiplosDe3", "MultiplosDe3\MultiplosDe3.csproj", "{CBB670E4-9AFE-425A-A4B2-9FDED1A6BCF2}"
EndProject
Project("{FAE04EC0-301F-11D3-BF4B-00C04F79EFBC}") = "P11-CalculaPoupanca2", "P11-CalculaPoupanca2\P11-CalculaPoupanca2.csproj", "{1FC48861-CDAD-4053-BACB-97F247289226}"
EndProject
Project("{FAE04EC0-301F-11D3-BF4B-00C04F79EFBC}") = "P12-CalculaInvestimentoLongoPrazo", "P12-CalculaInvestimentoLongoPrazo\P12-CalculaInvestimentoLongoPrazo.csproj", "{7C08F623-EE35-4D36-AC8A-F13C89E82C1E}"
EndProject
Project("{FAE04EC0-301F-11D3-BF4B-00C04F79EFBC}") = "P13-ForEncadeado", "P13-ForEncadeado\P13-ForEncadeado.csproj", "{0EDDD034-AE22-4EA2-8CD2-505579FB49B9}"
EndProject
Project("{FAE04EC0-301F-11D3-BF4B-00C04F79EFBC}") = "2-Bytebank", "2-Bytebank\2-Bytebank.csproj", "{D365DB80-D6BA-4CC7-8FFD-E71BF60CD42A}"
EndProject
Project("{FAE04EC0-301F-11D3-BF4B-00C04F79EFBC}") = "1-Bytebank", "1-Bytebank\1-Bytebank.csproj", "{D4AF999A-D81D-46B6-A341-397C4BE36812}"
EndProject
Project("{FAE04EC0-301F-11D3-BF4B-00C04F79EFBC}") = "3-Bytebank", "3-Bytebank\3-Bytebank.csproj", "{A74868AA-67D9-4BCB-953E-8C89495C3C17}"
EndProject
Project("{FAE04EC0-301F-11D3-BF4B-00C04F79EFBC}") = "4-Bytebank", "4-Bytebank\4-Bytebank.csproj", "{2B29348F-E891-4207-B276-220F0E64EAA4}"
EndProject
Project("{FAE04EC0-301F-11D3-BF4B-00C04F79EFBC}") = "5-Bytebank", "5-Bytebank\5-Bytebank.csproj", "{C69D694D-93ED-4F1A-80A9-2A0E349B0ED1}"
EndProject
Project("{FAE04EC0-301F-11D3-BF4B-00C04F79EFBC}") = "6-Bytebank", "6-Bytebank\6-Bytebank.csproj", "{C56BE9C9-B678-4666-A6F9-CC88DF8F5E9B}"
EndProject
Project("{FAE04EC0-301F-11D3-BF4B-00C04F79EFBC}") = "7-Bytebank", "7-Bytebank\7-Bytebank.csproj", "{B4DD4E69-1845-44B1-896B-509DED2DFAAC}"
EndProject
Global
	GlobalSection(SolutionConfigurationPlatforms) = preSolution
		Debug|Any CPU = Debug|Any CPU
		Release|Any CPU = Release|Any CPU
	EndGlobalSection
	GlobalSection(ProjectConfigurationPlatforms) = postSolution
		{3BF40CC2-16CC-4F89-996F-F39C59831CC4}.Debug|Any CPU.ActiveCfg = Debug|Any CPU
		{3BF40CC2-16CC-4F89-996F-F39C59831CC4}.Debug|Any CPU.Build.0 = Debug|Any CPU
		{3BF40CC2-16CC-4F89-996F-F39C59831CC4}.Release|Any CPU.ActiveCfg = Release|Any CPU
		{3BF40CC2-16CC-4F89-996F-F39C59831CC4}.Release|Any CPU.Build.0 = Release|Any CPU
		{584FE778-7DD1-4BF3-85C8-9B1660C48693}.Debug|Any CPU.ActiveCfg = Debug|Any CPU
		{584FE778-7DD1-4BF3-85C8-9B1660C48693}.Debug|Any CPU.Build.0 = Debug|Any CPU
		{584FE778-7DD1-4BF3-85C8-9B1660C48693}.Release|Any CPU.ActiveCfg = Release|Any CPU
		{584FE778-7DD1-4BF3-85C8-9B1660C48693}.Release|Any CPU.Build.0 = Release|Any CPU
		{FEC01503-D66E-4FEA-97E2-14027BDED308}.Debug|Any CPU.ActiveCfg = Debug|Any CPU
		{FEC01503-D66E-4FEA-97E2-14027BDED308}.Debug|Any CPU.Build.0 = Debug|Any CPU
		{FEC01503-D66E-4FEA-97E2-14027BDED308}.Release|Any CPU.ActiveCfg = Release|Any CPU
		{FEC01503-D66E-4FEA-97E2-14027BDED308}.Release|Any CPU.Build.0 = Release|Any CPU
		{FCDA618F-74D4-47D7-8557-F88361F96E6E}.Debug|Any CPU.ActiveCfg = Debug|Any CPU
		{FCDA618F-74D4-47D7-8557-F88361F96E6E}.Debug|Any CPU.Build.0 = Debug|Any CPU
		{FCDA618F-74D4-47D7-8557-F88361F96E6E}.Release|Any CPU.ActiveCfg = Release|Any CPU
		{FCDA618F-74D4-47D7-8557-F88361F96E6E}.Release|Any CPU.Build.0 = Release|Any CPU
		{916AF259-1FBC-4B2F-B94A-0F396B6823A9}.Debug|Any CPU.ActiveCfg = Debug|Any CPU
		{916AF259-1FBC-4B2F-B94A-0F396B6823A9}.Debug|Any CPU.Build.0 = Debug|Any CPU
		{916AF259-1FBC-4B2F-B94A-0F396B6823A9}.Release|Any CPU.ActiveCfg = Release|Any CPU
		{916AF259-1FBC-4B2F-B94A-0F396B6823A9}.Release|Any CPU.Build.0 = Release|Any CPU
		{792F23E2-923B-403B-B263-00611DBE5082}.Debug|Any CPU.ActiveCfg = Debug|Any CPU
		{792F23E2-923B-403B-B263-00611DBE5082}.Debug|Any CPU.Build.0 = Debug|Any CPU
		{792F23E2-923B-403B-B263-00611DBE5082}.Release|Any CPU.ActiveCfg = Release|Any CPU
		{792F23E2-923B-403B-B263-00611DBE5082}.Release|Any CPU.Build.0 = Release|Any CPU
		{D40A8E58-37C8-40E8-A36F-D816D4E30C92}.Debug|Any CPU.ActiveCfg = Debug|Any CPU
		{D40A8E58-37C8-40E8-A36F-D816D4E30C92}.Debug|Any CPU.Build.0 = Debug|Any CPU
		{D40A8E58-37C8-40E8-A36F-D816D4E30C92}.Release|Any CPU.ActiveCfg = Release|Any CPU
		{D40A8E58-37C8-40E8-A36F-D816D4E30C92}.Release|Any CPU.Build.0 = Release|Any CPU
		{F70034FB-A08E-4D65-BC3F-59F1BBA5C5A9}.Debug|Any CPU.ActiveCfg = Debug|Any CPU
		{F70034FB-A08E-4D65-BC3F-59F1BBA5C5A9}.Debug|Any CPU.Build.0 = Debug|Any CPU
		{F70034FB-A08E-4D65-BC3F-59F1BBA5C5A9}.Release|Any CPU.ActiveCfg = Release|Any CPU
		{F70034FB-A08E-4D65-BC3F-59F1BBA5C5A9}.Release|Any CPU.Build.0 = Release|Any CPU
		{38B5AB92-70E1-4B74-99B7-BE6669EE8D04}.Debug|Any CPU.ActiveCfg = Debug|Any CPU
		{38B5AB92-70E1-4B74-99B7-BE6669EE8D04}.Debug|Any CPU.Build.0 = Debug|Any CPU
		{38B5AB92-70E1-4B74-99B7-BE6669EE8D04}.Release|Any CPU.ActiveCfg = Release|Any CPU
		{38B5AB92-70E1-4B74-99B7-BE6669EE8D04}.Release|Any CPU.Build.0 = Release|Any CPU
		{371554F5-D655-455B-A080-A7BD4871E284}.Debug|Any CPU.ActiveCfg = Debug|Any CPU
		{371554F5-D655-455B-A080-A7BD4871E284}.Debug|Any CPU.Build.0 = Debug|Any CPU
		{371554F5-D655-455B-A080-A7BD4871E284}.Release|Any CPU.ActiveCfg = Release|Any CPU
		{371554F5-D655-455B-A080-A7BD4871E284}.Release|Any CPU.Build.0 = Release|Any CPU
		{D4A84939-BA99-4391-A239-952716151EAF}.Debug|Any CPU.ActiveCfg = Debug|Any CPU
		{D4A84939-BA99-4391-A239-952716151EAF}.Debug|Any CPU.Build.0 = Debug|Any CPU
		{D4A84939-BA99-4391-A239-952716151EAF}.Release|Any CPU.ActiveCfg = Release|Any CPU
		{D4A84939-BA99-4391-A239-952716151EAF}.Release|Any CPU.Build.0 = Release|Any CPU
		{95F2CC0F-729F-4B6F-AB30-801EAF01201B}.Debug|Any CPU.ActiveCfg = Debug|Any CPU
		{95F2CC0F-729F-4B6F-AB30-801EAF01201B}.Debug|Any CPU.Build.0 = Debug|Any CPU
		{95F2CC0F-729F-4B6F-AB30-801EAF01201B}.Release|Any CPU.ActiveCfg = Release|Any CPU
		{95F2CC0F-729F-4B6F-AB30-801EAF01201B}.Release|Any CPU.Build.0 = Release|Any CPU
		{8E08B7EF-1B3B-4E29-A566-53E83F4C0F22}.Debug|Any CPU.ActiveCfg = Debug|Any CPU
		{8E08B7EF-1B3B-4E29-A566-53E83F4C0F22}.Debug|Any CPU.Build.0 = Debug|Any CPU
		{8E08B7EF-1B3B-4E29-A566-53E83F4C0F22}.Release|Any CPU.ActiveCfg = Release|Any CPU
		{8E08B7EF-1B3B-4E29-A566-53E83F4C0F22}.Release|Any CPU.Build.0 = Release|Any CPU
		{9BB3F12C-3E74-4851-990F-43C88868D6BB}.Debug|Any CPU.ActiveCfg = Debug|Any CPU
		{9BB3F12C-3E74-4851-990F-43C88868D6BB}.Debug|Any CPU.Build.0 = Debug|Any CPU
		{9BB3F12C-3E74-4851-990F-43C88868D6BB}.Release|Any CPU.ActiveCfg = Release|Any CPU
		{9BB3F12C-3E74-4851-990F-43C88868D6BB}.Release|Any CPU.Build.0 = Release|Any CPU
		{1F4E8893-ABD5-405D-BB4D-B718757CF6D4}.Debug|Any CPU.ActiveCfg = Debug|Any CPU
		{1F4E8893-ABD5-405D-BB4D-B718757CF6D4}.Debug|Any CPU.Build.0 = Debug|Any CPU
		{1F4E8893-ABD5-405D-BB4D-B718757CF6D4}.Release|Any CPU.ActiveCfg = Release|Any CPU
		{1F4E8893-ABD5-405D-BB4D-B718757CF6D4}.Release|Any CPU.Build.0 = Release|Any CPU
		{80946788-84E4-45D4-99DB-DC90AC58665C}.Debug|Any CPU.ActiveCfg = Debug|Any CPU
		{80946788-84E4-45D4-99DB-DC90AC58665C}.Debug|Any CPU.Build.0 = Debug|Any CPU
		{80946788-84E4-45D4-99DB-DC90AC58665C}.Release|Any CPU.ActiveCfg = Release|Any CPU
		{80946788-84E4-45D4-99DB-DC90AC58665C}.Release|Any CPU.Build.0 = Release|Any CPU
		{32898DCD-834F-49DB-9498-CA4EEA2091F8}.Debug|Any CPU.ActiveCfg = Debug|Any CPU
		{32898DCD-834F-49DB-9498-CA4EEA2091F8}.Debug|Any CPU.Build.0 = Debug|Any CPU
		{32898DCD-834F-49DB-9498-CA4EEA2091F8}.Release|Any CPU.ActiveCfg = Release|Any CPU
		{32898DCD-834F-49DB-9498-CA4EEA2091F8}.Release|Any CPU.Build.0 = Release|Any CPU
		{008F7F89-45EA-4B31-8617-ED03DC2A5D4A}.Debug|Any CPU.ActiveCfg = Debug|Any CPU
		{008F7F89-45EA-4B31-8617-ED03DC2A5D4A}.Debug|Any CPU.Build.0 = Debug|Any CPU
		{008F7F89-45EA-4B31-8617-ED03DC2A5D4A}.Release|Any CPU.ActiveCfg = Release|Any CPU
		{008F7F89-45EA-4B31-8617-ED03DC2A5D4A}.Release|Any CPU.Build.0 = Release|Any CPU
		{21E4E369-03B0-4488-BE2E-1D292B537A7B}.Debug|Any CPU.ActiveCfg = Debug|Any CPU
		{21E4E369-03B0-4488-BE2E-1D292B537A7B}.Debug|Any CPU.Build.0 = Debug|Any CPU
		{21E4E369-03B0-4488-BE2E-1D292B537A7B}.Release|Any CPU.ActiveCfg = Release|Any CPU
		{21E4E369-03B0-4488-BE2E-1D292B537A7B}.Release|Any CPU.Build.0 = Release|Any CPU
		{0551950B-A912-4671-9193-71FAFEB175F1}.Debug|Any CPU.ActiveCfg = Debug|Any CPU
		{0551950B-A912-4671-9193-71FAFEB175F1}.Debug|Any CPU.Build.0 = Debug|Any CPU
		{0551950B-A912-4671-9193-71FAFEB175F1}.Release|Any CPU.ActiveCfg = Release|Any CPU
		{0551950B-A912-4671-9193-71FAFEB175F1}.Release|Any CPU.Build.0 = Release|Any CPU
		{981B619D-14CB-4AC9-A94A-9E59EB6DDB97}.Debug|Any CPU.ActiveCfg = Debug|Any CPU
		{981B619D-14CB-4AC9-A94A-9E59EB6DDB97}.Debug|Any CPU.Build.0 = Debug|Any CPU
		{981B619D-14CB-4AC9-A94A-9E59EB6DDB97}.Release|Any CPU.ActiveCfg = Release|Any CPU
		{981B619D-14CB-4AC9-A94A-9E59EB6DDB97}.Release|Any CPU.Build.0 = Release|Any CPU
		{CBB670E4-9AFE-425A-A4B2-9FDED1A6BCF2}.Debug|Any CPU.ActiveCfg = Debug|Any CPU
		{CBB670E4-9AFE-425A-A4B2-9FDED1A6BCF2}.Debug|Any CPU.Build.0 = Debug|Any CPU
		{CBB670E4-9AFE-425A-A4B2-9FDED1A6BCF2}.Release|Any CPU.ActiveCfg = Release|Any CPU
		{CBB670E4-9AFE-425A-A4B2-9FDED1A6BCF2}.Release|Any CPU.Build.0 = Release|Any CPU
		{1FC48861-CDAD-4053-BACB-97F247289226}.Debug|Any CPU.ActiveCfg = Debug|Any CPU
		{1FC48861-CDAD-4053-BACB-97F247289226}.Debug|Any CPU.Build.0 = Debug|Any CPU
		{1FC48861-CDAD-4053-BACB-97F247289226}.Release|Any CPU.ActiveCfg = Release|Any CPU
		{1FC48861-CDAD-4053-BACB-97F247289226}.Release|Any CPU.Build.0 = Release|Any CPU
		{7C08F623-EE35-4D36-AC8A-F13C89E82C1E}.Debug|Any CPU.ActiveCfg = Debug|Any CPU
		{7C08F623-EE35-4D36-AC8A-F13C89E82C1E}.Debug|Any CPU.Build.0 = Debug|Any CPU
		{7C08F623-EE35-4D36-AC8A-F13C89E82C1E}.Release|Any CPU.ActiveCfg = Release|Any CPU
		{7C08F623-EE35-4D36-AC8A-F13C89E82C1E}.Release|Any CPU.Build.0 = Release|Any CPU
		{0EDDD034-AE22-4EA2-8CD2-505579FB49B9}.Debug|Any CPU.ActiveCfg = Debug|Any CPU
		{0EDDD034-AE22-4EA2-8CD2-505579FB49B9}.Debug|Any CPU.Build.0 = Debug|Any CPU
		{0EDDD034-AE22-4EA2-8CD2-505579FB49B9}.Release|Any CPU.ActiveCfg = Release|Any CPU
		{0EDDD034-AE22-4EA2-8CD2-505579FB49B9}.Release|Any CPU.Build.0 = Release|Any CPU
		{D365DB80-D6BA-4CC7-8FFD-E71BF60CD42A}.Debug|Any CPU.ActiveCfg = Debug|Any CPU
		{D365DB80-D6BA-4CC7-8FFD-E71BF60CD42A}.Debug|Any CPU.Build.0 = Debug|Any CPU
		{D365DB80-D6BA-4CC7-8FFD-E71BF60CD42A}.Release|Any CPU.ActiveCfg = Release|Any CPU
		{D365DB80-D6BA-4CC7-8FFD-E71BF60CD42A}.Release|Any CPU.Build.0 = Release|Any CPU
		{D4AF999A-D81D-46B6-A341-397C4BE36812}.Debug|Any CPU.ActiveCfg = Debug|Any CPU
		{D4AF999A-D81D-46B6-A341-397C4BE36812}.Debug|Any CPU.Build.0 = Debug|Any CPU
		{D4AF999A-D81D-46B6-A341-397C4BE36812}.Release|Any CPU.ActiveCfg = Release|Any CPU
		{D4AF999A-D81D-46B6-A341-397C4BE36812}.Release|Any CPU.Build.0 = Release|Any CPU
		{A74868AA-67D9-4BCB-953E-8C89495C3C17}.Debug|Any CPU.ActiveCfg = Debug|Any CPU
		{A74868AA-67D9-4BCB-953E-8C89495C3C17}.Debug|Any CPU.Build.0 = Debug|Any CPU
		{A74868AA-67D9-4BCB-953E-8C89495C3C17}.Release|Any CPU.ActiveCfg = Release|Any CPU
		{A74868AA-67D9-4BCB-953E-8C89495C3C17}.Release|Any CPU.Build.0 = Release|Any CPU
		{2B29348F-E891-4207-B276-220F0E64EAA4}.Debug|Any CPU.ActiveCfg = Debug|Any CPU
		{2B29348F-E891-4207-B276-220F0E64EAA4}.Debug|Any CPU.Build.0 = Debug|Any CPU
		{2B29348F-E891-4207-B276-220F0E64EAA4}.Release|Any CPU.ActiveCfg = Release|Any CPU
		{2B29348F-E891-4207-B276-220F0E64EAA4}.Release|Any CPU.Build.0 = Release|Any CPU
		{C69D694D-93ED-4F1A-80A9-2A0E349B0ED1}.Debug|Any CPU.ActiveCfg = Debug|Any CPU
		{C69D694D-93ED-4F1A-80A9-2A0E349B0ED1}.Debug|Any CPU.Build.0 = Debug|Any CPU
		{C69D694D-93ED-4F1A-80A9-2A0E349B0ED1}.Release|Any CPU.ActiveCfg = Release|Any CPU
		{C69D694D-93ED-4F1A-80A9-2A0E349B0ED1}.Release|Any CPU.Build.0 = Release|Any CPU
		{C56BE9C9-B678-4666-A6F9-CC88DF8F5E9B}.Debug|Any CPU.ActiveCfg = Debug|Any CPU
		{C56BE9C9-B678-4666-A6F9-CC88DF8F5E9B}.Debug|Any CPU.Build.0 = Debug|Any CPU
		{C56BE9C9-B678-4666-A6F9-CC88DF8F5E9B}.Release|Any CPU.ActiveCfg = Release|Any CPU
		{C56BE9C9-B678-4666-A6F9-CC88DF8F5E9B}.Release|Any CPU.Build.0 = Release|Any CPU
		{B4DD4E69-1845-44B1-896B-509DED2DFAAC}.Debug|Any CPU.ActiveCfg = Debug|Any CPU
		{B4DD4E69-1845-44B1-896B-509DED2DFAAC}.Debug|Any CPU.Build.0 = Debug|Any CPU
		{B4DD4E69-1845-44B1-896B-509DED2DFAAC}.Release|Any CPU.ActiveCfg = Release|Any CPU
		{B4DD4E69-1845-44B1-896B-509DED2DFAAC}.Release|Any CPU.Build.0 = Release|Any CPU
	EndGlobalSection
	GlobalSection(SolutionProperties) = preSolution
		HideSolutionNode = FALSE
	EndGlobalSection
	GlobalSection(NestedProjects) = preSolution
		{3BF40CC2-16CC-4F89-996F-F39C59831CC4} = {684EEB16-91B6-4AE1-A80C-0874056E3312}
		{584FE778-7DD1-4BF3-85C8-9B1660C48693} = {C9028425-A535-4C37-B7C1-C040B1E932CB}
		{FEC01503-D66E-4FEA-97E2-14027BDED308} = {D6A0375A-1F20-45BD-91AE-3A6BC281453A}
		{FCDA618F-74D4-47D7-8557-F88361F96E6E} = {2D3FB03F-DCA6-4C28-A015-291F75FB2F44}
		{916AF259-1FBC-4B2F-B94A-0F396B6823A9} = {DA5F7D31-02C2-4F6D-82F6-37E98F108299}
		{792F23E2-923B-403B-B263-00611DBE5082} = {391E0BCB-A0A0-44D0-87EC-CDED4448CE75}
		{D40A8E58-37C8-40E8-A36F-D816D4E30C92} = {E7E9ED51-EC12-49AA-B964-F2AA2619EC07}
		{F70034FB-A08E-4D65-BC3F-59F1BBA5C5A9} = {30035248-359D-4815-9270-FCBB4427B98D}
		{38B5AB92-70E1-4B74-99B7-BE6669EE8D04} = {684EEB16-91B6-4AE1-A80C-0874056E3312}
		{371554F5-D655-455B-A080-A7BD4871E284} = {684EEB16-91B6-4AE1-A80C-0874056E3312}
		{D4A84939-BA99-4391-A239-952716151EAF} = {684EEB16-91B6-4AE1-A80C-0874056E3312}
		{95F2CC0F-729F-4B6F-AB30-801EAF01201B} = {684EEB16-91B6-4AE1-A80C-0874056E3312}
		{8E08B7EF-1B3B-4E29-A566-53E83F4C0F22} = {684EEB16-91B6-4AE1-A80C-0874056E3312}
		{9BB3F12C-3E74-4851-990F-43C88868D6BB} = {684EEB16-91B6-4AE1-A80C-0874056E3312}
		{1F4E8893-ABD5-405D-BB4D-B718757CF6D4} = {684EEB16-91B6-4AE1-A80C-0874056E3312}
		{80946788-84E4-45D4-99DB-DC90AC58665C} = {684EEB16-91B6-4AE1-A80C-0874056E3312}
		{32898DCD-834F-49DB-9498-CA4EEA2091F8} = {684EEB16-91B6-4AE1-A80C-0874056E3312}
		{008F7F89-45EA-4B31-8617-ED03DC2A5D4A} = {684EEB16-91B6-4AE1-A80C-0874056E3312}
		{21E4E369-03B0-4488-BE2E-1D292B537A7B} = {684EEB16-91B6-4AE1-A80C-0874056E3312}
		{0551950B-A912-4671-9193-71FAFEB175F1} = {684EEB16-91B6-4AE1-A80C-0874056E3312}
		{981B619D-14CB-4AC9-A94A-9E59EB6DDB97} = {684EEB16-91B6-4AE1-A80C-0874056E3312}
		{CBB670E4-9AFE-425A-A4B2-9FDED1A6BCF2} = {684EEB16-91B6-4AE1-A80C-0874056E3312}
		{1FC48861-CDAD-4053-BACB-97F247289226} = {684EEB16-91B6-4AE1-A80C-0874056E3312}
		{7C08F623-EE35-4D36-AC8A-F13C89E82C1E} = {684EEB16-91B6-4AE1-A80C-0874056E3312}
		{0EDDD034-AE22-4EA2-8CD2-505579FB49B9} = {684EEB16-91B6-4AE1-A80C-0874056E3312}
		{D365DB80-D6BA-4CC7-8FFD-E71BF60CD42A} = {79EB9472-F5A1-4AC2-B2B0-FF40D436A148}
		{D4AF999A-D81D-46B6-A341-397C4BE36812} = {79EB9472-F5A1-4AC2-B2B0-FF40D436A148}
		{A74868AA-67D9-4BCB-953E-8C89495C3C17} = {79EB9472-F5A1-4AC2-B2B0-FF40D436A148}
		{2B29348F-E891-4207-B276-220F0E64EAA4} = {79EB9472-F5A1-4AC2-B2B0-FF40D436A148}
		{C69D694D-93ED-4F1A-80A9-2A0E349B0ED1} = {79EB9472-F5A1-4AC2-B2B0-FF40D436A148}
		{C56BE9C9-B678-4666-A6F9-CC88DF8F5E9B} = {79EB9472-F5A1-4AC2-B2B0-FF40D436A148}
		{B4DD4E69-1845-44B1-896B-509DED2DFAAC} = {79EB9472-F5A1-4AC2-B2B0-FF40D436A148}
	EndGlobalSection
	GlobalSection(ExtensibilityGlobals) = postSolution
		SolutionGuid = {8F3605B6-1137-4482-BC5D-575C51EA16D1}
	EndGlobalSection
EndGlobal
